
Microsoft Visual Studio Solution File, Format Version 12.00
# Visual Studio Version 16
VisualStudioVersion = 16.0.31729.503
MinimumVisualStudioVersion = 10.0.40219.1
Project("{FAE04EC0-301F-11D3-BF4B-00C04F79EFBC}") = "ConsoleApp33", "ConsoleApp33\ConsoleApp33.csproj", "{BC189AF7-C7D3-430A-BEF2-B95E3F9B882E}"
EndProject
Global
	GlobalSection(SolutionConfigurationPlatforms) = preSolution
		Debug|Any CPU = Debug|Any CPU
		Release|Any CPU = Release|Any CPU
	EndGlobalSection
	GlobalSection(ProjectConfigurationPlatforms) = postSolution
		{BC189AF7-C7D3-430A-BEF2-B95E3F9B882E}.Debug|Any CPU.ActiveCfg = Debug|Any CPU
		{BC189AF7-C7D3-430A-BEF2-B95E3F9B882E}.Debug|Any CPU.Build.0 = Debug|Any CPU
		{BC189AF7-C7D3-430A-BEF2-B95E3F9B882E}.Release|Any CPU.ActiveCfg = Release|Any CPU
		{BC189AF7-C7D3-430A-BEF2-B95E3F9B882E}.Release|Any CPU.Build.0 = Release|Any CPU
	EndGlobalSection
	GlobalSection(SolutionProperties) = preSolution
		HideSolutionNode = FALSE
	EndGlobalSection
	GlobalSection(ExtensibilityGlobals) = postSolution
		SolutionGuid = {3354A420-D335-4A34-A09B-0B4786AF286D}
	EndGlobalSection
EndGlobal
